
Microsoft Visual Studio Solution File, Format Version 12.00
# Visual Studio Version 17
VisualStudioVersion = 17.10.35004.147
MinimumVisualStudioVersion = 10.0.40219.1
Project("{FAE04EC0-301F-11D3-BF4B-00C04F79EFBC}") = "ToDoManager", "ToDoManager\ToDoManager.csproj", "{58D4FAF4-A1F5-4A2D-AB33-AC77B9C796C6}"
EndProject
Global
	GlobalSection(SolutionConfigurationPlatforms) = preSolution
		Debug|Any CPU = Debug|Any CPU
		Release|Any CPU = Release|Any CPU
	EndGlobalSection
	GlobalSection(ProjectConfigurationPlatforms) = postSolution
		{58D4FAF4-A1F5-4A2D-AB33-AC77B9C796C6}.Debug|Any CPU.ActiveCfg = Debug|Any CPU
		{58D4FAF4-A1F5-4A2D-AB33-AC77B9C796C6}.Debug|Any CPU.Build.0 = Debug|Any CPU
		{58D4FAF4-A1F5-4A2D-AB33-AC77B9C796C6}.Release|Any CPU.ActiveCfg = Release|Any CPU
		{58D4FAF4-A1F5-4A2D-AB33-AC77B9C796C6}.Release|Any CPU.Build.0 = Release|Any CPU
	EndGlobalSection
	GlobalSection(SolutionProperties) = preSolution
		HideSolutionNode = FALSE
	EndGlobalSection
	GlobalSection(ExtensibilityGlobals) = postSolution
		SolutionGuid = {A344A2BC-4F62-44F5-9C8A-E6294EB4F6AB}
	EndGlobalSection
EndGlobal
